
Microsoft Visual Studio Solution File, Format Version 12.00
# Visual Studio Version 17
VisualStudioVersion = 17.14.37216.2 d17.14
MinimumVisualStudioVersion = 10.0.40219.1
Project("{FAE04EC0-301F-11D3-BF4B-00C04F79EFBC}") = "dicegame", "dicegame\dicegame.csproj", "{89604F34-13E2-4CF9-A9D3-E690EA2DA11E}"
EndProject
Global
	GlobalSection(SolutionConfigurationPlatforms) = preSolution
		Debug|Any CPU = Debug|Any CPU
		Release|Any CPU = Release|Any CPU
	EndGlobalSection
	GlobalSection(ProjectConfigurationPlatforms) = postSolution
		{89604F34-13E2-4CF9-A9D3-E690EA2DA11E}.Debug|Any CPU.ActiveCfg = Debug|Any CPU
		{89604F34-13E2-4CF9-A9D3-E690EA2DA11E}.Debug|Any CPU.Build.0 = Debug|Any CPU
		{89604F34-13E2-4CF9-A9D3-E690EA2DA11E}.Release|Any CPU.ActiveCfg = Release|Any CPU
		{89604F34-13E2-4CF9-A9D3-E690EA2DA11E}.Release|Any CPU.Build.0 = Release|Any CPU
	EndGlobalSection
	GlobalSection(SolutionProperties) = preSolution
		HideSolutionNode = FALSE
	EndGlobalSection
	GlobalSection(ExtensibilityGlobals) = postSolution
		SolutionGuid = {05CD0A1F-7C79-4373-839D-0F3BCDDCC2C2}
	EndGlobalSection
EndGlobal
